// !$*UTF8*$!
{
	archiveVersion = 1;
	classes = {
	};
	objectVersion = 51;
	objects = {

/* Begin PBXBuildFile section */
		23024DD8268195337FE36A5D /* Pods_Twitterlander.framework in Frameworks */ = {isa = PBXBuildFile; fileRef = 8C100B9729BB9F7E98C1BD58 /* Pods_Twitterlander.framework */; };
		52A89AB2396F73CE596FC843 /* Pods_Twitterlander_TwitterlanderUITests.framework in Frameworks */ = {isa = PBXBuildFile; fileRef = AFE5042328B7C76E61612A67 /* Pods_Twitterlander_TwitterlanderUITests.framework */; };
		66E7DB4B59B8C2C7EE69F0EE /* Pods_TwitterlanderTests.framework in Frameworks */ = {isa = PBXBuildFile; fileRef = 630EF93FED5FDE6DFBBF4695 /* Pods_TwitterlanderTests.framework */; };
		A5264EAB24D987FD008A0243 /* CreateTweetViewController.swift in Sources */ = {isa = PBXBuildFile; fileRef = A5264EAA24D987FD008A0243 /* CreateTweetViewController.swift */; };
		A5264EAD24D9880F008A0243 /* CreateTweetViewModel.swift in Sources */ = {isa = PBXBuildFile; fileRef = A5264EAC24D9880F008A0243 /* CreateTweetViewModel.swift */; };
		A5264EAF24D98823008A0243 /* CreateTweetClient.swift in Sources */ = {isa = PBXBuildFile; fileRef = A5264EAE24D98823008A0243 /* CreateTweetClient.swift */; };
		A5264EB124D9A1CE008A0243 /* CreateTweet.storyboard in Resources */ = {isa = PBXBuildFile; fileRef = A5264EB024D9A1CE008A0243 /* CreateTweet.storyboard */; };
		A52C1D4824CEBC0000359035 /* TweetDetailViewModel.swift in Sources */ = {isa = PBXBuildFile; fileRef = A52C1D4724CEBC0000359035 /* TweetDetailViewModel.swift */; };
		A52C1D4A24CEBDB600359035 /* SearchClient.swift in Sources */ = {isa = PBXBuildFile; fileRef = A52C1D4924CEBDB600359035 /* SearchClient.swift */; };
		A52C1D4C24CEEB8A00359035 /* SearchResult.swift in Sources */ = {isa = PBXBuildFile; fileRef = A52C1D4B24CEEB8A00359035 /* SearchResult.swift */; };
		A52EE39F24EBC75F003DF65A /* TimelineClientTests.swift in Sources */ = {isa = PBXBuildFile; fileRef = A52EE39E24EBC75F003DF65A /* TimelineClientTests.swift */; };
		A544C2BA24D1113100DA7A95 /* UILabelExtension.swift in Sources */ = {isa = PBXBuildFile; fileRef = A544C2B924D1113100DA7A95 /* UILabelExtension.swift */; };
		A55289AC24BBF73800B0671A /* HomeViewController.swift in Sources */ = {isa = PBXBuildFile; fileRef = A55289AB24BBF73800B0671A /* HomeViewController.swift */; };
		A55289AE24BBF74E00B0671A /* Home.storyboard in Resources */ = {isa = PBXBuildFile; fileRef = A55289AD24BBF74E00B0671A /* Home.storyboard */; };
		A55289B024BC447300B0671A /* HomeViewModel.swift in Sources */ = {isa = PBXBuildFile; fileRef = A55289AF24BC447300B0671A /* HomeViewModel.swift */; };
		A55289B224BC44A300B0671A /* TimelineClient.swift in Sources */ = {isa = PBXBuildFile; fileRef = A55289B124BC44A300B0671A /* TimelineClient.swift */; };
		A55289B424BC4A6300B0671A /* CircleImageView.swift in Sources */ = {isa = PBXBuildFile; fileRef = A55289B324BC4A6300B0671A /* CircleImageView.swift */; };
		A55289B624BC93D800B0671A /* Timeline.swift in Sources */ = {isa = PBXBuildFile; fileRef = A55289B524BC93D800B0671A /* Timeline.swift */; };
		A55289BB24BD8AE700B0671A /* DateExtension.swift in Sources */ = {isa = PBXBuildFile; fileRef = A55289BA24BD8AE700B0671A /* DateExtension.swift */; };
		A553E1B124D3B72800FD08EA /* ProfileViewTest.swift in Sources */ = {isa = PBXBuildFile; fileRef = A553E1B024D3B72800FD08EA /* ProfileViewTest.swift */; };
		A553E1B324D3C03800FD08EA /* ProfileViewModel.swift in Sources */ = {isa = PBXBuildFile; fileRef = A553E1B224D3C03800FD08EA /* ProfileViewModel.swift */; };
		A553E1B524D3C08400FD08EA /* ProfileClient.swift in Sources */ = {isa = PBXBuildFile; fileRef = A553E1B424D3C08400FD08EA /* ProfileClient.swift */; };
		A553E1B724D3C0DD00FD08EA /* ProfileData.swift in Sources */ = {isa = PBXBuildFile; fileRef = A553E1B624D3C0DD00FD08EA /* ProfileData.swift */; };
		A553E1B924D3E9BD00FD08EA /* ProfileViewModelTests.swift in Sources */ = {isa = PBXBuildFile; fileRef = A553E1B824D3E9BD00FD08EA /* ProfileViewModelTests.swift */; };
		A56031DB24D8EF970074289C /* MediaDetailViewModel.swift in Sources */ = {isa = PBXBuildFile; fileRef = A56031DA24D8EF970074289C /* MediaDetailViewModel.swift */; };
		A56404DD24B81DC900B17C89 /* LoginViewController.swift in Sources */ = {isa = PBXBuildFile; fileRef = A56404DC24B81DC900B17C89 /* LoginViewController.swift */; };
		A56404E124B81E1400B17C89 /* Login.storyboard in Resources */ = {isa = PBXBuildFile; fileRef = A56404E024B81E1400B17C89 /* Login.storyboard */; };
		A56404E524B8251E00B17C89 /* CustomButton.swift in Sources */ = {isa = PBXBuildFile; fileRef = A56404E424B8251E00B17C89 /* CustomButton.swift */; };
		A56404E724B83AEC00B17C89 /* OAuthClient.swift in Sources */ = {isa = PBXBuildFile; fileRef = A56404E624B83AEC00B17C89 /* OAuthClient.swift */; };
		A56404E924B83FF700B17C89 /* LoginViewModel.swift in Sources */ = {isa = PBXBuildFile; fileRef = A56404E824B83FF700B17C89 /* LoginViewModel.swift */; };
		A566AF0B24B7177400D2E7F6 /* AppDelegate.swift in Sources */ = {isa = PBXBuildFile; fileRef = A566AF0A24B7177400D2E7F6 /* AppDelegate.swift */; };
		A566AF0D24B7177400D2E7F6 /* SceneDelegate.swift in Sources */ = {isa = PBXBuildFile; fileRef = A566AF0C24B7177400D2E7F6 /* SceneDelegate.swift */; };
		A566AF1424B7177600D2E7F6 /* Assets.xcassets in Resources */ = {isa = PBXBuildFile; fileRef = A566AF1324B7177600D2E7F6 /* Assets.xcassets */; };
		A566AF1724B7177600D2E7F6 /* LaunchScreen.storyboard in Resources */ = {isa = PBXBuildFile; fileRef = A566AF1524B7177600D2E7F6 /* LaunchScreen.storyboard */; };
		A566AF2224B7177600D2E7F6 /* LoginViewModelTests.swift in Sources */ = {isa = PBXBuildFile; fileRef = A566AF2124B7177600D2E7F6 /* LoginViewModelTests.swift */; };
		A566AF2D24B7177600D2E7F6 /* TwitterlanderUITests.swift in Sources */ = {isa = PBXBuildFile; fileRef = A566AF2C24B7177600D2E7F6 /* TwitterlanderUITests.swift */; };
		A579FE5124DA7239005EDAE8 /* AlertExtension.swift in Sources */ = {isa = PBXBuildFile; fileRef = A579FE5024DA7239005EDAE8 /* AlertExtension.swift */; };
		A585431824D2C4F700588D4A /* ProfileContentsViewController.swift in Sources */ = {isa = PBXBuildFile; fileRef = A585431724D2C4F700588D4A /* ProfileContentsViewController.swift */; };
		A585431C24D2C64A00588D4A /* ProfileTweetViewController.swift in Sources */ = {isa = PBXBuildFile; fileRef = A585431B24D2C64A00588D4A /* ProfileTweetViewController.swift */; };
		A585431E24D2C65C00588D4A /* ProfileMediaViewController.swift in Sources */ = {isa = PBXBuildFile; fileRef = A585431D24D2C65C00588D4A /* ProfileMediaViewController.swift */; };
		A585432024D2C68100588D4A /* ProfileTweet.storyboard in Resources */ = {isa = PBXBuildFile; fileRef = A585431F24D2C68100588D4A /* ProfileTweet.storyboard */; };
		A585432224D2C68E00588D4A /* ProfileMedia.storyboard in Resources */ = {isa = PBXBuildFile; fileRef = A585432124D2C68E00588D4A /* ProfileMedia.storyboard */; };
		A587441C24C832C9004BB337 /* TweetDetailViewController.swift in Sources */ = {isa = PBXBuildFile; fileRef = A587441B24C832C9004BB337 /* TweetDetailViewController.swift */; };
		A587441E24C832E3004BB337 /* TweetDetail.storyboard in Resources */ = {isa = PBXBuildFile; fileRef = A587441D24C832E3004BB337 /* TweetDetail.storyboard */; };
		A587442224C882B7004BB337 /* ProfileViewController.swift in Sources */ = {isa = PBXBuildFile; fileRef = A587442124C882B7004BB337 /* ProfileViewController.swift */; };
		A587442424C882F3004BB337 /* Profile.storyboard in Resources */ = {isa = PBXBuildFile; fileRef = A587442324C882F3004BB337 /* Profile.storyboard */; };
		A587448824CADAA1004BB337 /* TweetDetailData.swift in Sources */ = {isa = PBXBuildFile; fileRef = A587448724CADAA1004BB337 /* TweetDetailData.swift */; };
		A587448A24CAE113004BB337 /* APIError.swift in Sources */ = {isa = PBXBuildFile; fileRef = A587448924CAE113004BB337 /* APIError.swift */; };
		A587448E24CB388F004BB337 /* SwipeBackable.swift in Sources */ = {isa = PBXBuildFile; fileRef = A587448D24CB388F004BB337 /* SwipeBackable.swift */; };
		A58AE82224BFF5C70071DE43 /* DefaultTweetCell.swift in Sources */ = {isa = PBXBuildFile; fileRef = A58AE82024BFF5C70071DE43 /* DefaultTweetCell.swift */; };
		A58AE82324BFF5C70071DE43 /* DefaultTweetCell.xib in Resources */ = {isa = PBXBuildFile; fileRef = A58AE82124BFF5C70071DE43 /* DefaultTweetCell.xib */; };
		A58AE82A24C172B60071DE43 /* TimeCalculation.swift in Sources */ = {isa = PBXBuildFile; fileRef = A58AE82924C172B60071DE43 /* TimeCalculation.swift */; };
		A58AE82C24C174B60071DE43 /* TimeCalculationTests.swift in Sources */ = {isa = PBXBuildFile; fileRef = A58AE82B24C174B60071DE43 /* TimeCalculationTests.swift */; };
		A58AE84E24C725390071DE43 /* HomeViewModelTests.swift in Sources */ = {isa = PBXBuildFile; fileRef = A58AE84D24C725390071DE43 /* HomeViewModelTests.swift */; };
		A5CB4A4724FE0E2A00D553A5 /* ProfileContents.storyboard in Resources */ = {isa = PBXBuildFile; fileRef = A5CB4A4624FE0E2A00D553A5 /* ProfileContents.storyboard */; };
		A5D3179324D45ED000F3B6A8 /* ProfileTweetViewModel.swift in Sources */ = {isa = PBXBuildFile; fileRef = A5D3179224D45ED000F3B6A8 /* ProfileTweetViewModel.swift */; };
		A5E5641724CF136C000DEF6A /* TweetDetailViewModelTests.swift in Sources */ = {isa = PBXBuildFile; fileRef = A5E5641624CF136C000DEF6A /* TweetDetailViewModelTests.swift */; };
		A5E6D25A24D6A76000DC1E79 /* ProfileViewInfo.swift in Sources */ = {isa = PBXBuildFile; fileRef = A5E6D25924D6A76000DC1E79 /* ProfileViewInfo.swift */; };
		A5E6D27E24D7C06700DC1E79 /* MediaViewCell.swift in Sources */ = {isa = PBXBuildFile; fileRef = A5E6D27D24D7C06700DC1E79 /* MediaViewCell.swift */; };
		A5E6D28024D7C20100DC1E79 /* ProfileMediaViewModel.swift in Sources */ = {isa = PBXBuildFile; fileRef = A5E6D27F24D7C20100DC1E79 /* ProfileMediaViewModel.swift */; };
		A5E6D28224D7EC0A00DC1E79 /* ProfileTweetViewModelTests.swift in Sources */ = {isa = PBXBuildFile; fileRef = A5E6D28124D7EC0A00DC1E79 /* ProfileTweetViewModelTests.swift */; };
		A5E6D28624D7EC3F00DC1E79 /* ProfileMediaViewModelTests.swift in Sources */ = {isa = PBXBuildFile; fileRef = A5E6D28524D7EC3F00DC1E79 /* ProfileMediaViewModelTests.swift */; };
		A5E6D28924D851B100DC1E79 /* MediaDetailViewController.swift in Sources */ = {isa = PBXBuildFile; fileRef = A5E6D28824D851B100DC1E79 /* MediaDetailViewController.swift */; };
		A5E6D28B24D851C400DC1E79 /* MediaDetail.storyboard in Resources */ = {isa = PBXBuildFile; fileRef = A5E6D28A24D851C400DC1E79 /* MediaDetail.storyboard */; };
/* End PBXBuildFile section */

/* Begin PBXContainerItemProxy section */
		A566AF1E24B7177600D2E7F6 /* PBXContainerItemProxy */ = {
			isa = PBXContainerItemProxy;
			containerPortal = A566AEFF24B7177400D2E7F6 /* Project object */;
			proxyType = 1;
			remoteGlobalIDString = A566AF0624B7177400D2E7F6;
			remoteInfo = Twitterlander;
		};
		A566AF2924B7177600D2E7F6 /* PBXContainerItemProxy */ = {
			isa = PBXContainerItemProxy;
			containerPortal = A566AEFF24B7177400D2E7F6 /* Project object */;
			proxyType = 1;
			remoteGlobalIDString = A566AF0624B7177400D2E7F6;
			remoteInfo = Twitterlander;
		};
/* End PBXContainerItemProxy section */

/* Begin PBXFileReference section */
		630EF93FED5FDE6DFBBF4695 /* Pods_TwitterlanderTests.framework */ = {isa = PBXFileReference; explicitFileType = wrapper.framework; includeInIndex = 0; path = Pods_TwitterlanderTests.framework; sourceTree = BUILT_PRODUCTS_DIR; };
		6EB4CC4E60265DADFBF08807 /* Pods-TwitterlanderTests.debug.xcconfig */ = {isa = PBXFileReference; includeInIndex = 1; lastKnownFileType = text.xcconfig; name = "Pods-TwitterlanderTests.debug.xcconfig"; path = "Target Support Files/Pods-TwitterlanderTests/Pods-TwitterlanderTests.debug.xcconfig"; sourceTree = "<group>"; };
		8C100B9729BB9F7E98C1BD58 /* Pods_Twitterlander.framework */ = {isa = PBXFileReference; explicitFileType = wrapper.framework; includeInIndex = 0; path = Pods_Twitterlander.framework; sourceTree = BUILT_PRODUCTS_DIR; };
		8ED56B7DB452050CD17A8024 /* Pods-Twitterlander.release.xcconfig */ = {isa = PBXFileReference; includeInIndex = 1; lastKnownFileType = text.xcconfig; name = "Pods-Twitterlander.release.xcconfig"; path = "Target Support Files/Pods-Twitterlander/Pods-Twitterlander.release.xcconfig"; sourceTree = "<group>"; };
		9CD54809E6EA81DE0DD74892 /* Pods-Twitterlander-TwitterlanderUITests.debug.xcconfig */ = {isa = PBXFileReference; includeInIndex = 1; lastKnownFileType = text.xcconfig; name = "Pods-Twitterlander-TwitterlanderUITests.debug.xcconfig"; path = "Target Support Files/Pods-Twitterlander-TwitterlanderUITests/Pods-Twitterlander-TwitterlanderUITests.debug.xcconfig"; sourceTree = "<group>"; };
		A5264EAA24D987FD008A0243 /* CreateTweetViewController.swift */ = {isa = PBXFileReference; lastKnownFileType = sourcecode.swift; path = CreateTweetViewController.swift; sourceTree = "<group>"; };
		A5264EAC24D9880F008A0243 /* CreateTweetViewModel.swift */ = {isa = PBXFileReference; lastKnownFileType = sourcecode.swift; path = CreateTweetViewModel.swift; sourceTree = "<group>"; };
		A5264EAE24D98823008A0243 /* CreateTweetClient.swift */ = {isa = PBXFileReference; lastKnownFileType = sourcecode.swift; path = CreateTweetClient.swift; sourceTree = "<group>"; };
		A5264EB024D9A1CE008A0243 /* CreateTweet.storyboard */ = {isa = PBXFileReference; lastKnownFileType = file.storyboard; path = CreateTweet.storyboard; sourceTree = "<group>"; };
		A52C1D4724CEBC0000359035 /* TweetDetailViewModel.swift */ = {isa = PBXFileReference; lastKnownFileType = sourcecode.swift; path = TweetDetailViewModel.swift; sourceTree = "<group>"; };
		A52C1D4924CEBDB600359035 /* SearchClient.swift */ = {isa = PBXFileReference; lastKnownFileType = sourcecode.swift; path = SearchClient.swift; sourceTree = "<group>"; };
		A52C1D4B24CEEB8A00359035 /* SearchResult.swift */ = {isa = PBXFileReference; lastKnownFileType = sourcecode.swift; path = SearchResult.swift; sourceTree = "<group>"; };
		A52EE39E24EBC75F003DF65A /* TimelineClientTests.swift */ = {isa = PBXFileReference; lastKnownFileType = sourcecode.swift; path = TimelineClientTests.swift; sourceTree = "<group>"; };
		A544C2B924D1113100DA7A95 /* UILabelExtension.swift */ = {isa = PBXFileReference; lastKnownFileType = sourcecode.swift; path = UILabelExtension.swift; sourceTree = "<group>"; };
		A55289AB24BBF73800B0671A /* HomeViewController.swift */ = {isa = PBXFileReference; lastKnownFileType = sourcecode.swift; path = HomeViewController.swift; sourceTree = "<group>"; };
		A55289AD24BBF74E00B0671A /* Home.storyboard */ = {isa = PBXFileReference; lastKnownFileType = file.storyboard; path = Home.storyboard; sourceTree = "<group>"; };
		A55289AF24BC447300B0671A /* HomeViewModel.swift */ = {isa = PBXFileReference; lastKnownFileType = sourcecode.swift; path = HomeViewModel.swift; sourceTree = "<group>"; };
		A55289B124BC44A300B0671A /* TimelineClient.swift */ = {isa = PBXFileReference; lastKnownFileType = sourcecode.swift; path = TimelineClient.swift; sourceTree = "<group>"; };
		A55289B324BC4A6300B0671A /* CircleImageView.swift */ = {isa = PBXFileReference; lastKnownFileType = sourcecode.swift; path = CircleImageView.swift; sourceTree = "<group>"; };
		A55289B524BC93D800B0671A /* Timeline.swift */ = {isa = PBXFileReference; lastKnownFileType = sourcecode.swift; path = Timeline.swift; sourceTree = "<group>"; };
		A55289BA24BD8AE700B0671A /* DateExtension.swift */ = {isa = PBXFileReference; lastKnownFileType = sourcecode.swift; path = DateExtension.swift; sourceTree = "<group>"; };
		A55289BD24BD9D0E00B0671A /* JsonTest.playground */ = {isa = PBXFileReference; lastKnownFileType = file.playground; path = JsonTest.playground; sourceTree = "<group>"; xcLanguageSpecificationIdentifier = xcode.lang.swift; };
		A553E1B024D3B72800FD08EA /* ProfileViewTest.swift */ = {isa = PBXFileReference; lastKnownFileType = sourcecode.swift; path = ProfileViewTest.swift; sourceTree = "<group>"; };
		A553E1B224D3C03800FD08EA /* ProfileViewModel.swift */ = {isa = PBXFileReference; lastKnownFileType = sourcecode.swift; path = ProfileViewModel.swift; sourceTree = "<group>"; };
		A553E1B424D3C08400FD08EA /* ProfileClient.swift */ = {isa = PBXFileReference; lastKnownFileType = sourcecode.swift; path = ProfileClient.swift; sourceTree = "<group>"; };
		A553E1B624D3C0DD00FD08EA /* ProfileData.swift */ = {isa = PBXFileReference; lastKnownFileType = sourcecode.swift; path = ProfileData.swift; sourceTree = "<group>"; };
		A553E1B824D3E9BD00FD08EA /* ProfileViewModelTests.swift */ = {isa = PBXFileReference; lastKnownFileType = sourcecode.swift; path = ProfileViewModelTests.swift; sourceTree = "<group>"; };
		A56031DA24D8EF970074289C /* MediaDetailViewModel.swift */ = {isa = PBXFileReference; lastKnownFileType = sourcecode.swift; path = MediaDetailViewModel.swift; sourceTree = "<group>"; };
		A56404DC24B81DC900B17C89 /* LoginViewController.swift */ = {isa = PBXFileReference; lastKnownFileType = sourcecode.swift; path = LoginViewController.swift; sourceTree = "<group>"; };
		A56404E024B81E1400B17C89 /* Login.storyboard */ = {isa = PBXFileReference; lastKnownFileType = file.storyboard; path = Login.storyboard; sourceTree = "<group>"; };
		A56404E424B8251E00B17C89 /* CustomButton.swift */ = {isa = PBXFileReference; lastKnownFileType = sourcecode.swift; path = CustomButton.swift; sourceTree = "<group>"; };
		A56404E624B83AEC00B17C89 /* OAuthClient.swift */ = {isa = PBXFileReference; lastKnownFileType = sourcecode.swift; path = OAuthClient.swift; sourceTree = "<group>"; };
		A56404E824B83FF700B17C89 /* LoginViewModel.swift */ = {isa = PBXFileReference; lastKnownFileType = sourcecode.swift; path = LoginViewModel.swift; sourceTree = "<group>"; };
		A566AF0724B7177400D2E7F6 /* Twitterlander.app */ = {isa = PBXFileReference; explicitFileType = wrapper.application; includeInIndex = 0; path = Twitterlander.app; sourceTree = BUILT_PRODUCTS_DIR; };
		A566AF0A24B7177400D2E7F6 /* AppDelegate.swift */ = {isa = PBXFileReference; lastKnownFileType = sourcecode.swift; path = AppDelegate.swift; sourceTree = "<group>"; };
		A566AF0C24B7177400D2E7F6 /* SceneDelegate.swift */ = {isa = PBXFileReference; lastKnownFileType = sourcecode.swift; path = SceneDelegate.swift; sourceTree = "<group>"; };
		A566AF1324B7177600D2E7F6 /* Assets.xcassets */ = {isa = PBXFileReference; lastKnownFileType = folder.assetcatalog; path = Assets.xcassets; sourceTree = "<group>"; };
		A566AF1624B7177600D2E7F6 /* Base */ = {isa = PBXFileReference; lastKnownFileType = file.storyboard; name = Base; path = Base.lproj/LaunchScreen.storyboard; sourceTree = "<group>"; };
		A566AF1824B7177600D2E7F6 /* Info.plist */ = {isa = PBXFileReference; lastKnownFileType = text.plist.xml; path = Info.plist; sourceTree = "<group>"; };
		A566AF1D24B7177600D2E7F6 /* TwitterlanderTests.xctest */ = {isa = PBXFileReference; explicitFileType = wrapper.cfbundle; includeInIndex = 0; path = TwitterlanderTests.xctest; sourceTree = BUILT_PRODUCTS_DIR; };
		A566AF2124B7177600D2E7F6 /* LoginViewModelTests.swift */ = {isa = PBXFileReference; lastKnownFileType = sourcecode.swift; path = LoginViewModelTests.swift; sourceTree = "<group>"; };
		A566AF2324B7177600D2E7F6 /* Info.plist */ = {isa = PBXFileReference; lastKnownFileType = text.plist.xml; path = Info.plist; sourceTree = "<group>"; };
		A566AF2824B7177600D2E7F6 /* TwitterlanderUITests.xctest */ = {isa = PBXFileReference; explicitFileType = wrapper.cfbundle; includeInIndex = 0; path = TwitterlanderUITests.xctest; sourceTree = BUILT_PRODUCTS_DIR; };
		A566AF2C24B7177600D2E7F6 /* TwitterlanderUITests.swift */ = {isa = PBXFileReference; lastKnownFileType = sourcecode.swift; path = TwitterlanderUITests.swift; sourceTree = "<group>"; };
		A566AF2E24B7177600D2E7F6 /* Info.plist */ = {isa = PBXFileReference; lastKnownFileType = text.plist.xml; path = Info.plist; sourceTree = "<group>"; };
		A579FE5024DA7239005EDAE8 /* AlertExtension.swift */ = {isa = PBXFileReference; lastKnownFileType = sourcecode.swift; path = AlertExtension.swift; sourceTree = "<group>"; };
		A585431724D2C4F700588D4A /* ProfileContentsViewController.swift */ = {isa = PBXFileReference; lastKnownFileType = sourcecode.swift; path = ProfileContentsViewController.swift; sourceTree = "<group>"; };
		A585431B24D2C64A00588D4A /* ProfileTweetViewController.swift */ = {isa = PBXFileReference; lastKnownFileType = sourcecode.swift; path = ProfileTweetViewController.swift; sourceTree = "<group>"; };
		A585431D24D2C65C00588D4A /* ProfileMediaViewController.swift */ = {isa = PBXFileReference; lastKnownFileType = sourcecode.swift; path = ProfileMediaViewController.swift; sourceTree = "<group>"; };
		A585431F24D2C68100588D4A /* ProfileTweet.storyboard */ = {isa = PBXFileReference; lastKnownFileType = file.storyboard; path = ProfileTweet.storyboard; sourceTree = "<group>"; };
		A585432124D2C68E00588D4A /* ProfileMedia.storyboard */ = {isa = PBXFileReference; lastKnownFileType = file.storyboard; path = ProfileMedia.storyboard; sourceTree = "<group>"; };
		A587441B24C832C9004BB337 /* TweetDetailViewController.swift */ = {isa = PBXFileReference; lastKnownFileType = sourcecode.swift; path = TweetDetailViewController.swift; sourceTree = "<group>"; };
		A587441D24C832E3004BB337 /* TweetDetail.storyboard */ = {isa = PBXFileReference; lastKnownFileType = file.storyboard; path = TweetDetail.storyboard; sourceTree = "<group>"; };
		A587442124C882B7004BB337 /* ProfileViewController.swift */ = {isa = PBXFileReference; lastKnownFileType = sourcecode.swift; path = ProfileViewController.swift; sourceTree = "<group>"; };
		A587442324C882F3004BB337 /* Profile.storyboard */ = {isa = PBXFileReference; lastKnownFileType = file.storyboard; path = Profile.storyboard; sourceTree = "<group>"; };
		A587448724CADAA1004BB337 /* TweetDetailData.swift */ = {isa = PBXFileReference; lastKnownFileType = sourcecode.swift; path = TweetDetailData.swift; sourceTree = "<group>"; };
		A587448924CAE113004BB337 /* APIError.swift */ = {isa = PBXFileReference; lastKnownFileType = sourcecode.swift; path = APIError.swift; sourceTree = "<group>"; };
		A587448D24CB388F004BB337 /* SwipeBackable.swift */ = {isa = PBXFileReference; lastKnownFileType = sourcecode.swift; path = SwipeBackable.swift; sourceTree = "<group>"; };
		A58AE82024BFF5C70071DE43 /* DefaultTweetCell.swift */ = {isa = PBXFileReference; lastKnownFileType = sourcecode.swift; path = DefaultTweetCell.swift; sourceTree = "<group>"; };
		A58AE82124BFF5C70071DE43 /* DefaultTweetCell.xib */ = {isa = PBXFileReference; lastKnownFileType = file.xib; path = DefaultTweetCell.xib; sourceTree = "<group>"; };
		A58AE82924C172B60071DE43 /* TimeCalculation.swift */ = {isa = PBXFileReference; lastKnownFileType = sourcecode.swift; path = TimeCalculation.swift; sourceTree = "<group>"; };
		A58AE82B24C174B60071DE43 /* TimeCalculationTests.swift */ = {isa = PBXFileReference; lastKnownFileType = sourcecode.swift; path = TimeCalculationTests.swift; sourceTree = "<group>"; };
		A58AE84D24C725390071DE43 /* HomeViewModelTests.swift */ = {isa = PBXFileReference; lastKnownFileType = sourcecode.swift; path = HomeViewModelTests.swift; sourceTree = "<group>"; };
		A5CB4A4624FE0E2A00D553A5 /* ProfileContents.storyboard */ = {isa = PBXFileReference; lastKnownFileType = file.storyboard; path = ProfileContents.storyboard; sourceTree = "<group>"; };
		A5D3179224D45ED000F3B6A8 /* ProfileTweetViewModel.swift */ = {isa = PBXFileReference; lastKnownFileType = sourcecode.swift; path = ProfileTweetViewModel.swift; sourceTree = "<group>"; };
		A5E5641624CF136C000DEF6A /* TweetDetailViewModelTests.swift */ = {isa = PBXFileReference; lastKnownFileType = sourcecode.swift; path = TweetDetailViewModelTests.swift; sourceTree = "<group>"; };
		A5E6D25924D6A76000DC1E79 /* ProfileViewInfo.swift */ = {isa = PBXFileReference; lastKnownFileType = sourcecode.swift; path = ProfileViewInfo.swift; sourceTree = "<group>"; };
		A5E6D27D24D7C06700DC1E79 /* MediaViewCell.swift */ = {isa = PBXFileReference; lastKnownFileType = sourcecode.swift; path = MediaViewCell.swift; sourceTree = "<group>"; };
		A5E6D27F24D7C20100DC1E79 /* ProfileMediaViewModel.swift */ = {isa = PBXFileReference; lastKnownFileType = sourcecode.swift; path = ProfileMediaViewModel.swift; sourceTree = "<group>"; };
		A5E6D28124D7EC0A00DC1E79 /* ProfileTweetViewModelTests.swift */ = {isa = PBXFileReference; lastKnownFileType = sourcecode.swift; path = ProfileTweetViewModelTests.swift; sourceTree = "<group>"; };
		A5E6D28524D7EC3F00DC1E79 /* ProfileMediaViewModelTests.swift */ = {isa = PBXFileReference; lastKnownFileType = sourcecode.swift; path = ProfileMediaViewModelTests.swift; sourceTree = "<group>"; };
		A5E6D28824D851B100DC1E79 /* MediaDetailViewController.swift */ = {isa = PBXFileReference; lastKnownFileType = sourcecode.swift; path = MediaDetailViewController.swift; sourceTree = "<group>"; };
		A5E6D28A24D851C400DC1E79 /* MediaDetail.storyboard */ = {isa = PBXFileReference; lastKnownFileType = file.storyboard; path = MediaDetail.storyboard; sourceTree = "<group>"; };
		AFE5042328B7C76E61612A67 /* Pods_Twitterlander_TwitterlanderUITests.framework */ = {isa = PBXFileReference; explicitFileType = wrapper.framework; includeInIndex = 0; path = Pods_Twitterlander_TwitterlanderUITests.framework; sourceTree = BUILT_PRODUCTS_DIR; };
		C83557A71E6E6B44BDBA8C04 /* Pods-Twitterlander.debug.xcconfig */ = {isa = PBXFileReference; includeInIndex = 1; lastKnownFileType = text.xcconfig; name = "Pods-Twitterlander.debug.xcconfig"; path = "Target Support Files/Pods-Twitterlander/Pods-Twitterlander.debug.xcconfig"; sourceTree = "<group>"; };
		D752EF853AE4F70714E5CA89 /* Pods-Twitterlander-TwitterlanderUITests.release.xcconfig */ = {isa = PBXFileReference; includeInIndex = 1; lastKnownFileType = text.xcconfig; name = "Pods-Twitterlander-TwitterlanderUITests.release.xcconfig"; path = "Target Support Files/Pods-Twitterlander-TwitterlanderUITests/Pods-Twitterlander-TwitterlanderUITests.release.xcconfig"; sourceTree = "<group>"; };
		DCDB410F60B7207D22805841 /* Pods-TwitterlanderTests.release.xcconfig */ = {isa = PBXFileReference; includeInIndex = 1; lastKnownFileType = text.xcconfig; name = "Pods-TwitterlanderTests.release.xcconfig"; path = "Target Support Files/Pods-TwitterlanderTests/Pods-TwitterlanderTests.release.xcconfig"; sourceTree = "<group>"; };
/* End PBXFileReference section */

/* Begin PBXFrameworksBuildPhase section */
		A566AF0424B7177400D2E7F6 /* Frameworks */ = {
			isa = PBXFrameworksBuildPhase;
			buildActionMask = 2147483647;
			files = (
				23024DD8268195337FE36A5D /* Pods_Twitterlander.framework in Frameworks */,
			);
			runOnlyForDeploymentPostprocessing = 0;
		};
		A566AF1A24B7177600D2E7F6 /* Frameworks */ = {
			isa = PBXFrameworksBuildPhase;
			buildActionMask = 2147483647;
			files = (
				66E7DB4B59B8C2C7EE69F0EE /* Pods_TwitterlanderTests.framework in Frameworks */,
			);
			runOnlyForDeploymentPostprocessing = 0;
		};
		A566AF2524B7177600D2E7F6 /* Frameworks */ = {
			isa = PBXFrameworksBuildPhase;
			buildActionMask = 2147483647;
			files = (
				52A89AB2396F73CE596FC843 /* Pods_Twitterlander_TwitterlanderUITests.framework in Frameworks */,
			);
			runOnlyForDeploymentPostprocessing = 0;
		};
/* End PBXFrameworksBuildPhase section */

/* Begin PBXGroup section */
		A52C1D4D24CF0FC700359035 /* Data */ = {
			isa = PBXGroup;
			children = (
				A55289B524BC93D800B0671A /* Timeline.swift */,
				A587448724CADAA1004BB337 /* TweetDetailData.swift */,
				A52C1D4B24CEEB8A00359035 /* SearchResult.swift */,
				A553E1B624D3C0DD00FD08EA /* ProfileData.swift */,
				A5E6D25924D6A76000DC1E79 /* ProfileViewInfo.swift */,
			);
			path = Data;
			sourceTree = "<group>";
		};
		A55289BC24BD9CF400B0671A /* TestGround */ = {
			isa = PBXGroup;
			children = (
				A55289BD24BD9D0E00B0671A /* JsonTest.playground */,
			);
			path = TestGround;
			sourceTree = "<group>";
		};
		A56404D924B81D3900B17C89 /* View */ = {
			isa = PBXGroup;
			children = (
				A56404DC24B81DC900B17C89 /* LoginViewController.swift */,
				A55289AB24BBF73800B0671A /* HomeViewController.swift */,
				A587441B24C832C9004BB337 /* TweetDetailViewController.swift */,
				A587442124C882B7004BB337 /* ProfileViewController.swift */,
				A585431724D2C4F700588D4A /* ProfileContentsViewController.swift */,
				A585431B24D2C64A00588D4A /* ProfileTweetViewController.swift */,
				A585431D24D2C65C00588D4A /* ProfileMediaViewController.swift */,
				A5E6D28824D851B100DC1E79 /* MediaDetailViewController.swift */,
				A5264EAA24D987FD008A0243 /* CreateTweetViewController.swift */,
				A56404E024B81E1400B17C89 /* Login.storyboard */,
				A55289AD24BBF74E00B0671A /* Home.storyboard */,
				A587441D24C832E3004BB337 /* TweetDetail.storyboard */,
				A587442324C882F3004BB337 /* Profile.storyboard */,
				A5CB4A4624FE0E2A00D553A5 /* ProfileContents.storyboard */,
				A585431F24D2C68100588D4A /* ProfileTweet.storyboard */,
				A585432124D2C68E00588D4A /* ProfileMedia.storyboard */,
				A5E6D28A24D851C400DC1E79 /* MediaDetail.storyboard */,
				A5264EB024D9A1CE008A0243 /* CreateTweet.storyboard */,
				A58AE81F24BFF5340071DE43 /* Cell */,
			);
			path = View;
			sourceTree = "<group>";
		};
		A56404DA24B81D4D00B17C89 /* ViewModel */ = {
			isa = PBXGroup;
			children = (
				A56404E824B83FF700B17C89 /* LoginViewModel.swift */,
				A55289AF24BC447300B0671A /* HomeViewModel.swift */,
				A52C1D4724CEBC0000359035 /* TweetDetailViewModel.swift */,
				A553E1B224D3C03800FD08EA /* ProfileViewModel.swift */,
				A5D3179224D45ED000F3B6A8 /* ProfileTweetViewModel.swift */,
				A5E6D27F24D7C20100DC1E79 /* ProfileMediaViewModel.swift */,
				A56031DA24D8EF970074289C /* MediaDetailViewModel.swift */,
				A5264EAC24D9880F008A0243 /* CreateTweetViewModel.swift */,
			);
			path = ViewModel;
			sourceTree = "<group>";
		};
		A56404DB24B81D6400B17C89 /* Model */ = {
			isa = PBXGroup;
			children = (
				A56404E624B83AEC00B17C89 /* OAuthClient.swift */,
				A55289B124BC44A300B0671A /* TimelineClient.swift */,
				A52C1D4924CEBDB600359035 /* SearchClient.swift */,
				A553E1B424D3C08400FD08EA /* ProfileClient.swift */,
				A5264EAE24D98823008A0243 /* CreateTweetClient.swift */,
				A587448924CAE113004BB337 /* APIError.swift */,
			);
			path = Model;
			sourceTree = "<group>";
		};
		A566AEFE24B7177400D2E7F6 = {
			isa = PBXGroup;
			children = (
				A566AF0924B7177400D2E7F6 /* Twitterlander */,
				A566AF2024B7177600D2E7F6 /* TwitterlanderTests */,
				A566AF2B24B7177600D2E7F6 /* TwitterlanderUITests */,
				A566AF0824B7177400D2E7F6 /* Products */,
				E5A92F3398EA44DC318BEB59 /* Pods */,
				B923E0705318BA7679D2F549 /* Frameworks */,
			);
			sourceTree = "<group>";
		};
		A566AF0824B7177400D2E7F6 /* Products */ = {
			isa = PBXGroup;
			children = (
				A566AF0724B7177400D2E7F6 /* Twitterlander.app */,
				A566AF1D24B7177600D2E7F6 /* TwitterlanderTests.xctest */,
				A566AF2824B7177600D2E7F6 /* TwitterlanderUITests.xctest */,
			);
			name = Products;
			sourceTree = "<group>";
		};
		A566AF0924B7177400D2E7F6 /* Twitterlander */ = {
			isa = PBXGroup;
			children = (
				A56404D924B81D3900B17C89 /* View */,
				A56404DA24B81D4D00B17C89 /* ViewModel */,
				A56404DB24B81D6400B17C89 /* Model */,
				A52C1D4D24CF0FC700359035 /* Data */,
				A58AE82824C13E080071DE43 /* Extension */,
				A566AF0A24B7177400D2E7F6 /* AppDelegate.swift */,
				A566AF0C24B7177400D2E7F6 /* SceneDelegate.swift */,
				A566AF1324B7177600D2E7F6 /* Assets.xcassets */,
				A566AF1524B7177600D2E7F6 /* LaunchScreen.storyboard */,
				A566AF1824B7177600D2E7F6 /* Info.plist */,
				A55289BC24BD9CF400B0671A /* TestGround */,
			);
			path = Twitterlander;
			sourceTree = "<group>";
		};
		A566AF2024B7177600D2E7F6 /* TwitterlanderTests */ = {
			isa = PBXGroup;
			children = (
				A566AF2324B7177600D2E7F6 /* Info.plist */,
				A566AF2124B7177600D2E7F6 /* LoginViewModelTests.swift */,
				A58AE84D24C725390071DE43 /* HomeViewModelTests.swift */,
				A58AE82B24C174B60071DE43 /* TimeCalculationTests.swift */,
				A5E5641624CF136C000DEF6A /* TweetDetailViewModelTests.swift */,
				A553E1B824D3E9BD00FD08EA /* ProfileViewModelTests.swift */,
				A553E1B024D3B72800FD08EA /* ProfileViewTest.swift */,
				A5E6D28124D7EC0A00DC1E79 /* ProfileTweetViewModelTests.swift */,
				A5E6D28524D7EC3F00DC1E79 /* ProfileMediaViewModelTests.swift */,
				A52EE39E24EBC75F003DF65A /* TimelineClientTests.swift */,
			);
			path = TwitterlanderTests;
			sourceTree = "<group>";
		};
		A566AF2B24B7177600D2E7F6 /* TwitterlanderUITests */ = {
			isa = PBXGroup;
			children = (
				A566AF2C24B7177600D2E7F6 /* TwitterlanderUITests.swift */,
				A566AF2E24B7177600D2E7F6 /* Info.plist */,
			);
			path = TwitterlanderUITests;
			sourceTree = "<group>";
		};
		A58AE81F24BFF5340071DE43 /* Cell */ = {
			isa = PBXGroup;
			children = (
				A58AE82024BFF5C70071DE43 /* DefaultTweetCell.swift */,
				A58AE82124BFF5C70071DE43 /* DefaultTweetCell.xib */,
				A58AE82924C172B60071DE43 /* TimeCalculation.swift */,
				A5E6D27D24D7C06700DC1E79 /* MediaViewCell.swift */,
			);
			path = Cell;
			sourceTree = "<group>";
		};
		A58AE82824C13E080071DE43 /* Extension */ = {
			isa = PBXGroup;
			children = (
				A56404E424B8251E00B17C89 /* CustomButton.swift */,
				A55289B324BC4A6300B0671A /* CircleImageView.swift */,
				A55289BA24BD8AE700B0671A /* DateExtension.swift */,
				A587448D24CB388F004BB337 /* SwipeBackable.swift */,
				A544C2B924D1113100DA7A95 /* UILabelExtension.swift */,
				A579FE5024DA7239005EDAE8 /* AlertExtension.swift */,
			);
			path = Extension;
			sourceTree = "<group>";
		};
		B923E0705318BA7679D2F549 /* Frameworks */ = {
			isa = PBXGroup;
			children = (
				8C100B9729BB9F7E98C1BD58 /* Pods_Twitterlander.framework */,
				AFE5042328B7C76E61612A67 /* Pods_Twitterlander_TwitterlanderUITests.framework */,
				630EF93FED5FDE6DFBBF4695 /* Pods_TwitterlanderTests.framework */,
			);
			name = Frameworks;
			sourceTree = "<group>";
		};
		E5A92F3398EA44DC318BEB59 /* Pods */ = {
			isa = PBXGroup;
			children = (
				C83557A71E6E6B44BDBA8C04 /* Pods-Twitterlander.debug.xcconfig */,
				8ED56B7DB452050CD17A8024 /* Pods-Twitterlander.release.xcconfig */,
				9CD54809E6EA81DE0DD74892 /* Pods-Twitterlander-TwitterlanderUITests.debug.xcconfig */,
				D752EF853AE4F70714E5CA89 /* Pods-Twitterlander-TwitterlanderUITests.release.xcconfig */,
				6EB4CC4E60265DADFBF08807 /* Pods-TwitterlanderTests.debug.xcconfig */,
				DCDB410F60B7207D22805841 /* Pods-TwitterlanderTests.release.xcconfig */,
			);
			path = Pods;
			sourceTree = "<group>";
		};
/* End PBXGroup section */

/* Begin PBXNativeTarget section */
		A566AF0624B7177400D2E7F6 /* Twitterlander */ = {
			isa = PBXNativeTarget;
			buildConfigurationList = A566AF3124B7177600D2E7F6 /* Build configuration list for PBXNativeTarget "Twitterlander" */;
			buildPhases = (
				7203DA9938C37B99B1063E2A /* [CP] Check Pods Manifest.lock */,
				A566AF0324B7177400D2E7F6 /* Sources */,
				A566AF0424B7177400D2E7F6 /* Frameworks */,
				A566AF0524B7177400D2E7F6 /* Resources */,
				5AE4F4F2AF753DAD059E45D8 /* [CP] Embed Pods Frameworks */,
				A566AF3A24B75A0500D2E7F6 /* ShellScript */,
			);
			buildRules = (
			);
			dependencies = (
			);
			name = Twitterlander;
			productName = Twitterlander;
			productReference = A566AF0724B7177400D2E7F6 /* Twitterlander.app */;
			productType = "com.apple.product-type.application";
		};
		A566AF1C24B7177600D2E7F6 /* TwitterlanderTests */ = {
			isa = PBXNativeTarget;
			buildConfigurationList = A566AF3424B7177600D2E7F6 /* Build configuration list for PBXNativeTarget "TwitterlanderTests" */;
			buildPhases = (
				B3F6750B63C7F285045A7F22 /* [CP] Check Pods Manifest.lock */,
				A566AF1924B7177600D2E7F6 /* Sources */,
				A566AF1A24B7177600D2E7F6 /* Frameworks */,
				A566AF1B24B7177600D2E7F6 /* Resources */,
				AD0134625BF4C4086FBEE26A /* [CP] Embed Pods Frameworks */,
			);
			buildRules = (
			);
			dependencies = (
				A566AF1F24B7177600D2E7F6 /* PBXTargetDependency */,
			);
			name = TwitterlanderTests;
			productName = TwitterlanderTests;
			productReference = A566AF1D24B7177600D2E7F6 /* TwitterlanderTests.xctest */;
			productType = "com.apple.product-type.bundle.unit-test";
		};
		A566AF2724B7177600D2E7F6 /* TwitterlanderUITests */ = {
			isa = PBXNativeTarget;
			buildConfigurationList = A566AF3724B7177600D2E7F6 /* Build configuration list for PBXNativeTarget "TwitterlanderUITests" */;
			buildPhases = (
				7C490BB04E049A2126E3E96B /* [CP] Check Pods Manifest.lock */,
				A566AF2424B7177600D2E7F6 /* Sources */,
				A566AF2524B7177600D2E7F6 /* Frameworks */,
				A566AF2624B7177600D2E7F6 /* Resources */,
				0A67AFFA66C8B3D58FB2BCE2 /* [CP] Embed Pods Frameworks */,
			);
			buildRules = (
			);
			dependencies = (
				A566AF2A24B7177600D2E7F6 /* PBXTargetDependency */,
			);
			name = TwitterlanderUITests;
			productName = TwitterlanderUITests;
			productReference = A566AF2824B7177600D2E7F6 /* TwitterlanderUITests.xctest */;
			productType = "com.apple.product-type.bundle.ui-testing";
		};
/* End PBXNativeTarget section */

/* Begin PBXProject section */
		A566AEFF24B7177400D2E7F6 /* Project object */ = {
			isa = PBXProject;
			attributes = {
				LastSwiftUpdateCheck = 1150;
				LastUpgradeCheck = 1150;
				ORGANIZATIONNAME = "Fumiaki Kobayashi";
				TargetAttributes = {
					A566AF0624B7177400D2E7F6 = {
						CreatedOnToolsVersion = 11.5;
					};
					A566AF1C24B7177600D2E7F6 = {
						CreatedOnToolsVersion = 11.5;
						TestTargetID = A566AF0624B7177400D2E7F6;
					};
					A566AF2724B7177600D2E7F6 = {
						CreatedOnToolsVersion = 11.5;
						TestTargetID = A566AF0624B7177400D2E7F6;
					};
				};
			};
			buildConfigurationList = A566AF0224B7177400D2E7F6 /* Build configuration list for PBXProject "Twitterlander" */;
			compatibilityVersion = "Xcode 9.3";
			developmentRegion = en;
			hasScannedForEncodings = 0;
			knownRegions = (
				en,
				Base,
			);
			mainGroup = A566AEFE24B7177400D2E7F6;
			productRefGroup = A566AF0824B7177400D2E7F6 /* Products */;
			projectDirPath = "";
			projectRoot = "";
			targets = (
				A566AF0624B7177400D2E7F6 /* Twitterlander */,
				A566AF1C24B7177600D2E7F6 /* TwitterlanderTests */,
				A566AF2724B7177600D2E7F6 /* TwitterlanderUITests */,
			);
		};
/* End PBXProject section */

/* Begin PBXResourcesBuildPhase section */
		A566AF0524B7177400D2E7F6 /* Resources */ = {
			isa = PBXResourcesBuildPhase;
			buildActionMask = 2147483647;
			files = (
				A5CB4A4724FE0E2A00D553A5 /* ProfileContents.storyboard in Resources */,
				A585432024D2C68100588D4A /* ProfileTweet.storyboard in Resources */,
				A566AF1724B7177600D2E7F6 /* LaunchScreen.storyboard in Resources */,
				A58AE82324BFF5C70071DE43 /* DefaultTweetCell.xib in Resources */,
				A566AF1424B7177600D2E7F6 /* Assets.xcassets in Resources */,
				A585432224D2C68E00588D4A /* ProfileMedia.storyboard in Resources */,
				A56404E124B81E1400B17C89 /* Login.storyboard in Resources */,
				A5264EB124D9A1CE008A0243 /* CreateTweet.storyboard in Resources */,
				A5E6D28B24D851C400DC1E79 /* MediaDetail.storyboard in Resources */,
				A55289AE24BBF74E00B0671A /* Home.storyboard in Resources */,
				A587442424C882F3004BB337 /* Profile.storyboard in Resources */,
				A587441E24C832E3004BB337 /* TweetDetail.storyboard in Resources */,
			);
			runOnlyForDeploymentPostprocessing = 0;
		};
		A566AF1B24B7177600D2E7F6 /* Resources */ = {
			isa = PBXResourcesBuildPhase;
			buildActionMask = 2147483647;
			files = (
			);
			runOnlyForDeploymentPostprocessing = 0;
		};
		A566AF2624B7177600D2E7F6 /* Resources */ = {
			isa = PBXResourcesBuildPhase;
			buildActionMask = 2147483647;
			files = (
			);
			runOnlyForDeploymentPostprocessing = 0;
		};
/* End PBXResourcesBuildPhase section */

/* Begin PBXShellScriptBuildPhase section */
		0A67AFFA66C8B3D58FB2BCE2 /* [CP] Embed Pods Frameworks */ = {
			isa = PBXShellScriptBuildPhase;
			buildActionMask = 2147483647;
			files = (
			);
			inputFileListPaths = (
				"${PODS_ROOT}/Target Support Files/Pods-Twitterlander-TwitterlanderUITests/Pods-Twitterlander-TwitterlanderUITests-frameworks-${CONFIGURATION}-input-files.xcfilelist",
			);
			name = "[CP] Embed Pods Frameworks";
			outputFileListPaths = (
				"${PODS_ROOT}/Target Support Files/Pods-Twitterlander-TwitterlanderUITests/Pods-Twitterlander-TwitterlanderUITests-frameworks-${CONFIGURATION}-output-files.xcfilelist",
			);
			runOnlyForDeploymentPostprocessing = 0;
			shellPath = /bin/sh;
			shellScript = "\"${PODS_ROOT}/Target Support Files/Pods-Twitterlander-TwitterlanderUITests/Pods-Twitterlander-TwitterlanderUITests-frameworks.sh\"\n";
			showEnvVarsInLog = 0;
		};
		5AE4F4F2AF753DAD059E45D8 /* [CP] Embed Pods Frameworks */ = {
			isa = PBXShellScriptBuildPhase;
			buildActionMask = 2147483647;
			files = (
			);
			inputFileListPaths = (
				"${PODS_ROOT}/Target Support Files/Pods-Twitterlander/Pods-Twitterlander-frameworks-${CONFIGURATION}-input-files.xcfilelist",
			);
			name = "[CP] Embed Pods Frameworks";
			outputFileListPaths = (
				"${PODS_ROOT}/Target Support Files/Pods-Twitterlander/Pods-Twitterlander-frameworks-${CONFIGURATION}-output-files.xcfilelist",
			);
			runOnlyForDeploymentPostprocessing = 0;
			shellPath = /bin/sh;
			shellScript = "\"${PODS_ROOT}/Target Support Files/Pods-Twitterlander/Pods-Twitterlander-frameworks.sh\"\n";
			showEnvVarsInLog = 0;
		};
		7203DA9938C37B99B1063E2A /* [CP] Check Pods Manifest.lock */ = {
			isa = PBXShellScriptBuildPhase;
			buildActionMask = 2147483647;
			files = (
			);
			inputFileListPaths = (
			);
			inputPaths = (
				"${PODS_PODFILE_DIR_PATH}/Podfile.lock",
				"${PODS_ROOT}/Manifest.lock",
			);
			name = "[CP] Check Pods Manifest.lock";
			outputFileListPaths = (
			);
			outputPaths = (
				"$(DERIVED_FILE_DIR)/Pods-Twitterlander-checkManifestLockResult.txt",
			);
			runOnlyForDeploymentPostprocessing = 0;
			shellPath = /bin/sh;
			shellScript = "diff \"${PODS_PODFILE_DIR_PATH}/Podfile.lock\" \"${PODS_ROOT}/Manifest.lock\" > /dev/null\nif [ $? != 0 ] ; then\n    # print error to STDERR\n    echo \"error: The sandbox is not in sync with the Podfile.lock. Run 'pod install' or update your CocoaPods installation.\" >&2\n    exit 1\nfi\n# This output is used by Xcode 'outputs' to avoid re-running this script phase.\necho \"SUCCESS\" > \"${SCRIPT_OUTPUT_FILE_0}\"\n";
			showEnvVarsInLog = 0;
		};
		7C490BB04E049A2126E3E96B /* [CP] Check Pods Manifest.lock */ = {
			isa = PBXShellScriptBuildPhase;
			buildActionMask = 2147483647;
			files = (
			);
			inputFileListPaths = (
			);
			inputPaths = (
				"${PODS_PODFILE_DIR_PATH}/Podfile.lock",
				"${PODS_ROOT}/Manifest.lock",
			);
			name = "[CP] Check Pods Manifest.lock";
			outputFileListPaths = (
			);
			outputPaths = (
				"$(DERIVED_FILE_DIR)/Pods-Twitterlander-TwitterlanderUITests-checkManifestLockResult.txt",
			);
			runOnlyForDeploymentPostprocessing = 0;
			shellPath = /bin/sh;
			shellScript = "diff \"${PODS_PODFILE_DIR_PATH}/Podfile.lock\" \"${PODS_ROOT}/Manifest.lock\" > /dev/null\nif [ $? != 0 ] ; then\n    # print error to STDERR\n    echo \"error: The sandbox is not in sync with the Podfile.lock. Run 'pod install' or update your CocoaPods installation.\" >&2\n    exit 1\nfi\n# This output is used by Xcode 'outputs' to avoid re-running this script phase.\necho \"SUCCESS\" > \"${SCRIPT_OUTPUT_FILE_0}\"\n";
			showEnvVarsInLog = 0;
		};
		A566AF3A24B75A0500D2E7F6 /* ShellScript */ = {
			isa = PBXShellScriptBuildPhase;
			buildActionMask = 2147483647;
			files = (
			);
			inputFileListPaths = (
			);
			inputPaths = (
			);
			outputFileListPaths = (
			);
			outputPaths = (
			);
			runOnlyForDeploymentPostprocessing = 0;
			shellPath = /bin/sh;
			shellScript = "if which \"${PODS_ROOT}/SwiftLint/swiftlint\" >/dev/null; then\n${PODS_ROOT}/SwiftLint/swiftlint\nelse\necho \"warning: SwiftLint not installed, download from https://github.com/realm/SwiftLint\"\nfi\n";
		};
		AD0134625BF4C4086FBEE26A /* [CP] Embed Pods Frameworks */ = {
			isa = PBXShellScriptBuildPhase;
			buildActionMask = 2147483647;
			files = (
			);
			inputFileListPaths = (
				"${PODS_ROOT}/Target Support Files/Pods-TwitterlanderTests/Pods-TwitterlanderTests-frameworks-${CONFIGURATION}-input-files.xcfilelist",
			);
			name = "[CP] Embed Pods Frameworks";
			outputFileListPaths = (
				"${PODS_ROOT}/Target Support Files/Pods-TwitterlanderTests/Pods-TwitterlanderTests-frameworks-${CONFIGURATION}-output-files.xcfilelist",
			);
			runOnlyForDeploymentPostprocessing = 0;
			shellPath = /bin/sh;
			shellScript = "\"${PODS_ROOT}/Target Support Files/Pods-TwitterlanderTests/Pods-TwitterlanderTests-frameworks.sh\"\n";
			showEnvVarsInLog = 0;
		};
		B3F6750B63C7F285045A7F22 /* [CP] Check Pods Manifest.lock */ = {
			isa = PBXShellScriptBuildPhase;
			buildActionMask = 2147483647;
			files = (
			);
			inputFileListPaths = (
			);
			inputPaths = (
				"${PODS_PODFILE_DIR_PATH}/Podfile.lock",
				"${PODS_ROOT}/Manifest.lock",
			);
			name = "[CP] Check Pods Manifest.lock";
			outputFileListPaths = (
			);
			outputPaths = (
				"$(DERIVED_FILE_DIR)/Pods-TwitterlanderTests-checkManifestLockResult.txt",
			);
			runOnlyForDeploymentPostprocessing = 0;
			shellPath = /bin/sh;
			shellScript = "diff \"${PODS_PODFILE_DIR_PATH}/Podfile.lock\" \"${PODS_ROOT}/Manifest.lock\" > /dev/null\nif [ $? != 0 ] ; then\n    # print error to STDERR\n    echo \"error: The sandbox is not in sync with the Podfile.lock. Run 'pod install' or update your CocoaPods installation.\" >&2\n    exit 1\nfi\n# This output is used by Xcode 'outputs' to avoid re-running this script phase.\necho \"SUCCESS\" > \"${SCRIPT_OUTPUT_FILE_0}\"\n";
			showEnvVarsInLog = 0;
		};
/* End PBXShellScriptBuildPhase section */

/* Begin PBXSourcesBuildPhase section */
		A566AF0324B7177400D2E7F6 /* Sources */ = {
			isa = PBXSourcesBuildPhase;
			buildActionMask = 2147483647;
			files = (
				A52C1D4C24CEEB8A00359035 /* SearchResult.swift in Sources */,
				A55289B224BC44A300B0671A /* TimelineClient.swift in Sources */,
				A5264EAD24D9880F008A0243 /* CreateTweetViewModel.swift in Sources */,
				A585431E24D2C65C00588D4A /* ProfileMediaViewController.swift in Sources */,
				A553E1B324D3C03800FD08EA /* ProfileViewModel.swift in Sources */,
				A55289BB24BD8AE700B0671A /* DateExtension.swift in Sources */,
				A544C2BA24D1113100DA7A95 /* UILabelExtension.swift in Sources */,
				A579FE5124DA7239005EDAE8 /* AlertExtension.swift in Sources */,
				A553E1B524D3C08400FD08EA /* ProfileClient.swift in Sources */,
				A56404E524B8251E00B17C89 /* CustomButton.swift in Sources */,
				A56404DD24B81DC900B17C89 /* LoginViewController.swift in Sources */,
				A5E6D27E24D7C06700DC1E79 /* MediaViewCell.swift in Sources */,
				A58AE82A24C172B60071DE43 /* TimeCalculation.swift in Sources */,
				A52C1D4824CEBC0000359035 /* TweetDetailViewModel.swift in Sources */,
				A58AE82224BFF5C70071DE43 /* DefaultTweetCell.swift in Sources */,
				A553E1B724D3C0DD00FD08EA /* ProfileData.swift in Sources */,
				A5E6D25A24D6A76000DC1E79 /* ProfileViewInfo.swift in Sources */,
				A587442224C882B7004BB337 /* ProfileViewController.swift in Sources */,
				A55289AC24BBF73800B0671A /* HomeViewController.swift in Sources */,
				A55289B024BC447300B0671A /* HomeViewModel.swift in Sources */,
				A587448824CADAA1004BB337 /* TweetDetailData.swift in Sources */,
				A55289B624BC93D800B0671A /* Timeline.swift in Sources */,
				A56404E924B83FF700B17C89 /* LoginViewModel.swift in Sources */,
				A566AF0B24B7177400D2E7F6 /* AppDelegate.swift in Sources */,
				A5264EAB24D987FD008A0243 /* CreateTweetViewController.swift in Sources */,
				A5D3179324D45ED000F3B6A8 /* ProfileTweetViewModel.swift in Sources */,
				A56031DB24D8EF970074289C /* MediaDetailViewModel.swift in Sources */,
				A5264EAF24D98823008A0243 /* CreateTweetClient.swift in Sources */,
				A587448E24CB388F004BB337 /* SwipeBackable.swift in Sources */,
				A585431C24D2C64A00588D4A /* ProfileTweetViewController.swift in Sources */,
				A5E6D28024D7C20100DC1E79 /* ProfileMediaViewModel.swift in Sources */,
				A566AF0D24B7177400D2E7F6 /* SceneDelegate.swift in Sources */,
				A55289B424BC4A6300B0671A /* CircleImageView.swift in Sources */,
				A52C1D4A24CEBDB600359035 /* SearchClient.swift in Sources */,
				A585431824D2C4F700588D4A /* ProfileContentsViewController.swift in Sources */,
				A56404E724B83AEC00B17C89 /* OAuthClient.swift in Sources */,
				A587441C24C832C9004BB337 /* TweetDetailViewController.swift in Sources */,
				A5E6D28924D851B100DC1E79 /* MediaDetailViewController.swift in Sources */,
				A587448A24CAE113004BB337 /* APIError.swift in Sources */,
			);
			runOnlyForDeploymentPostprocessing = 0;
		};
		A566AF1924B7177600D2E7F6 /* Sources */ = {
			isa = PBXSourcesBuildPhase;
			buildActionMask = 2147483647;
			files = (
				A52EE39F24EBC75F003DF65A /* TimelineClientTests.swift in Sources */,
				A553E1B124D3B72800FD08EA /* ProfileViewTest.swift in Sources */,
				A58AE82C24C174B60071DE43 /* TimeCalculationTests.swift in Sources */,
				A5E5641724CF136C000DEF6A /* TweetDetailViewModelTests.swift in Sources */,
				A5E6D28224D7EC0A00DC1E79 /* ProfileTweetViewModelTests.swift in Sources */,
				A566AF2224B7177600D2E7F6 /* LoginViewModelTests.swift in Sources */,
				A553E1B924D3E9BD00FD08EA /* ProfileViewModelTests.swift in Sources */,
				A5E6D28624D7EC3F00DC1E79 /* ProfileMediaViewModelTests.swift in Sources */,
				A58AE84E24C725390071DE43 /* HomeViewModelTests.swift in Sources */,
			);
			runOnlyForDeploymentPostprocessing = 0;
		};
		A566AF2424B7177600D2E7F6 /* Sources */ = {
			isa = PBXSourcesBuildPhase;
			buildActionMask = 2147483647;
			files = (
				A566AF2D24B7177600D2E7F6 /* TwitterlanderUITests.swift in Sources */,
			);
			runOnlyForDeploymentPostprocessing = 0;
		};
/* End PBXSourcesBuildPhase section */

/* Begin PBXTargetDependency section */
		A566AF1F24B7177600D2E7F6 /* PBXTargetDependency */ = {
			isa = PBXTargetDependency;
			target = A566AF0624B7177400D2E7F6 /* Twitterlander */;
			targetProxy = A566AF1E24B7177600D2E7F6 /* PBXContainerItemProxy */;
		};
		A566AF2A24B7177600D2E7F6 /* PBXTargetDependency */ = {
			isa = PBXTargetDependency;
			target = A566AF0624B7177400D2E7F6 /* Twitterlander */;
			targetProxy = A566AF2924B7177600D2E7F6 /* PBXContainerItemProxy */;
		};
/* End PBXTargetDependency section */

/* Begin PBXVariantGroup section */
		A566AF1524B7177600D2E7F6 /* LaunchScreen.storyboard */ = {
			isa = PBXVariantGroup;
			children = (
				A566AF1624B7177600D2E7F6 /* Base */,
			);
			name = LaunchScreen.storyboard;
			sourceTree = "<group>";
		};
/* End PBXVariantGroup section */

/* Begin XCBuildConfiguration section */
		A566AF2F24B7177600D2E7F6 /* Debug */ = {
			isa = XCBuildConfiguration;
			buildSettings = {
				ALWAYS_SEARCH_USER_PATHS = NO;
				CLANG_ANALYZER_NONNULL = YES;
				CLANG_ANALYZER_NUMBER_OBJECT_CONVERSION = YES_AGGRESSIVE;
				CLANG_CXX_LANGUAGE_STANDARD = "gnu++14";
				CLANG_CXX_LIBRARY = "libc++";
				CLANG_ENABLE_MODULES = YES;
				CLANG_ENABLE_OBJC_ARC = YES;
				CLANG_ENABLE_OBJC_WEAK = YES;
				CLANG_WARN_BLOCK_CAPTURE_AUTORELEASING = YES;
				CLANG_WARN_BOOL_CONVERSION = YES;
				CLANG_WARN_COMMA = YES;
				CLANG_WARN_CONSTANT_CONVERSION = YES;
				CLANG_WARN_DEPRECATED_OBJC_IMPLEMENTATIONS = YES;
				CLANG_WARN_DIRECT_OBJC_ISA_USAGE = YES_ERROR;
				CLANG_WARN_DOCUMENTATION_COMMENTS = YES;
				CLANG_WARN_EMPTY_BODY = YES;
				CLANG_WARN_ENUM_CONVERSION = YES;
				CLANG_WARN_INFINITE_RECURSION = YES;
				CLANG_WARN_INT_CONVERSION = YES;
				CLANG_WARN_NON_LITERAL_NULL_CONVERSION = YES;
				CLANG_WARN_OBJC_IMPLICIT_RETAIN_SELF = YES;
				CLANG_WARN_OBJC_LITERAL_CONVERSION = YES;
				CLANG_WARN_OBJC_ROOT_CLASS = YES_ERROR;
				CLANG_WARN_RANGE_LOOP_ANALYSIS = YES;
				CLANG_WARN_STRICT_PROTOTYPES = YES;
				CLANG_WARN_SUSPICIOUS_MOVE = YES;
				CLANG_WARN_UNGUARDED_AVAILABILITY = YES_AGGRESSIVE;
				CLANG_WARN_UNREACHABLE_CODE = YES;
				CLANG_WARN__DUPLICATE_METHOD_MATCH = YES;
				COPY_PHASE_STRIP = NO;
				DEBUG_INFORMATION_FORMAT = dwarf;
				ENABLE_STRICT_OBJC_MSGSEND = YES;
				ENABLE_TESTABILITY = YES;
				GCC_C_LANGUAGE_STANDARD = gnu11;
				GCC_DYNAMIC_NO_PIC = NO;
				GCC_NO_COMMON_BLOCKS = YES;
				GCC_OPTIMIZATION_LEVEL = 0;
				GCC_PREPROCESSOR_DEFINITIONS = (
					"DEBUG=1",
					"$(inherited)",
				);
				GCC_WARN_64_TO_32_BIT_CONVERSION = YES;
				GCC_WARN_ABOUT_RETURN_TYPE = YES_ERROR;
				GCC_WARN_UNDECLARED_SELECTOR = YES;
				GCC_WARN_UNINITIALIZED_AUTOS = YES_AGGRESSIVE;
				GCC_WARN_UNUSED_FUNCTION = YES;
				GCC_WARN_UNUSED_VARIABLE = YES;
				IPHONEOS_DEPLOYMENT_TARGET = 13.6;
				MTL_ENABLE_DEBUG_INFO = INCLUDE_SOURCE;
				MTL_FAST_MATH = YES;
				ONLY_ACTIVE_ARCH = YES;
				SDKROOT = iphoneos;
				SWIFT_ACTIVE_COMPILATION_CONDITIONS = DEBUG;
				SWIFT_OPTIMIZATION_LEVEL = "-Onone";
			};
			name = Debug;
		};
		A566AF3024B7177600D2E7F6 /* Release */ = {
			isa = XCBuildConfiguration;
			buildSettings = {
				ALWAYS_SEARCH_USER_PATHS = NO;
				CLANG_ANALYZER_NONNULL = YES;
				CLANG_ANALYZER_NUMBER_OBJECT_CONVERSION = YES_AGGRESSIVE;
				CLANG_CXX_LANGUAGE_STANDARD = "gnu++14";
				CLANG_CXX_LIBRARY = "libc++";
				CLANG_ENABLE_MODULES = YES;
				CLANG_ENABLE_OBJC_ARC = YES;
				CLANG_ENABLE_OBJC_WEAK = YES;
				CLANG_WARN_BLOCK_CAPTURE_AUTORELEASING = YES;
				CLANG_WARN_BOOL_CONVERSION = YES;
				CLANG_WARN_COMMA = YES;
				CLANG_WARN_CONSTANT_CONVERSION = YES;
				CLANG_WARN_DEPRECATED_OBJC_IMPLEMENTATIONS = YES;
				CLANG_WARN_DIRECT_OBJC_ISA_USAGE = YES_ERROR;
				CLANG_WARN_DOCUMENTATION_COMMENTS = YES;
				CLANG_WARN_EMPTY_BODY = YES;
				CLANG_WARN_ENUM_CONVERSION = YES;
				CLANG_WARN_INFINITE_RECURSION = YES;
				CLANG_WARN_INT_CONVERSION = YES;
				CLANG_WARN_NON_LITERAL_NULL_CONVERSION = YES;
				CLANG_WARN_OBJC_IMPLICIT_RETAIN_SELF = YES;
				CLANG_WARN_OBJC_LITERAL_CONVERSION = YES;
				CLANG_WARN_OBJC_ROOT_CLASS = YES_ERROR;
				CLANG_WARN_RANGE_LOOP_ANALYSIS = YES;
				CLANG_WARN_STRICT_PROTOTYPES = YES;
				CLANG_WARN_SUSPICIOUS_MOVE = YES;
				CLANG_WARN_UNGUARDED_AVAILABILITY = YES_AGGRESSIVE;
				CLANG_WARN_UNREACHABLE_CODE = YES;
				CLANG_WARN__DUPLICATE_METHOD_MATCH = YES;
				COPY_PHASE_STRIP = NO;
				DEBUG_INFORMATION_FORMAT = "dwarf-with-dsym";
				ENABLE_NS_ASSERTIONS = NO;
				ENABLE_STRICT_OBJC_MSGSEND = YES;
				GCC_C_LANGUAGE_STANDARD = gnu11;
				GCC_NO_COMMON_BLOCKS = YES;
				GCC_WARN_64_TO_32_BIT_CONVERSION = YES;
				GCC_WARN_ABOUT_RETURN_TYPE = YES_ERROR;
				GCC_WARN_UNDECLARED_SELECTOR = YES;
				GCC_WARN_UNINITIALIZED_AUTOS = YES_AGGRESSIVE;
				GCC_WARN_UNUSED_FUNCTION = YES;
				GCC_WARN_UNUSED_VARIABLE = YES;
				IPHONEOS_DEPLOYMENT_TARGET = 13.6;
				MTL_ENABLE_DEBUG_INFO = NO;
				MTL_FAST_MATH = YES;
				SDKROOT = iphoneos;
				SWIFT_COMPILATION_MODE = wholemodule;
				SWIFT_OPTIMIZATION_LEVEL = "-O";
				VALIDATE_PRODUCT = YES;
			};
			name = Release;
		};
		A566AF3224B7177600D2E7F6 /* Debug */ = {
			isa = XCBuildConfiguration;
			baseConfigurationReference = C83557A71E6E6B44BDBA8C04 /* Pods-Twitterlander.debug.xcconfig */;
			buildSettings = {
				ASSETCATALOG_COMPILER_APPICON_NAME = AppIcon;
				CODE_SIGN_STYLE = Manual;
				DEVELOPMENT_TEAM = "";
				INFOPLIST_FILE = Twitterlander/Info.plist;
				LD_RUNPATH_SEARCH_PATHS = (
					"$(inherited)",
					"@executable_path/Frameworks",
				);
				PRODUCT_BUNDLE_IDENTIFIER = "jp.co.nissan.mail.fumiaki-kobayashi.Twitterlander";
				PRODUCT_NAME = "$(TARGET_NAME)";
				PROVISIONING_PROFILE_SPECIFIER = "";
				SWIFT_VERSION = 5.0;
				TARGETED_DEVICE_FAMILY = 1;
			};
			name = Debug;
		};
		A566AF3324B7177600D2E7F6 /* Release */ = {
			isa = XCBuildConfiguration;
			baseConfigurationReference = 8ED56B7DB452050CD17A8024 /* Pods-Twitterlander.release.xcconfig */;
			buildSettings = {
				ASSETCATALOG_COMPILER_APPICON_NAME = AppIcon;
				CODE_SIGN_IDENTITY = "iPhone Distribution";
				CODE_SIGN_STYLE = Manual;
				DEVELOPMENT_TEAM = UB98SLR8TL;
				INFOPLIST_FILE = Twitterlander/Info.plist;
				LD_RUNPATH_SEARCH_PATHS = (
					"$(inherited)",
					"@executable_path/Frameworks",
				);
				PRODUCT_BUNDLE_IDENTIFIER = com.nissan.twitterlander;
				PRODUCT_NAME = "$(TARGET_NAME)";
				PROVISIONING_PROFILE_SPECIFIER = "match InHouse com.nissan.twitterlander";
				SWIFT_VERSION = 5.0;
				TARGETED_DEVICE_FAMILY = 1;
			};
			name = Release;
		};
		A566AF3524B7177600D2E7F6 /* Debug */ = {
			isa = XCBuildConfiguration;
			baseConfigurationReference = 6EB4CC4E60265DADFBF08807 /* Pods-TwitterlanderTests.debug.xcconfig */;
			buildSettings = {
				ALWAYS_EMBED_SWIFT_STANDARD_LIBRARIES = YES;
				BUNDLE_LOADER = "$(TEST_HOST)";
				CODE_SIGN_STYLE = Automatic;
				DEVELOPMENT_TEAM = QCVJB22ZX4;
				INFOPLIST_FILE = TwitterlanderTests/Info.plist;
				IPHONEOS_DEPLOYMENT_TARGET = 13.5;
				LD_RUNPATH_SEARCH_PATHS = (
					"$(inherited)",
					"@executable_path/Frameworks",
					"@loader_path/Frameworks",
				);
				PRODUCT_BUNDLE_IDENTIFIER = "jp.co.nissan.mail.fumiaki-kobayashi.TwitterlanderTests";
				PRODUCT_NAME = "$(TARGET_NAME)";
				SWIFT_VERSION = 5.0;
				TARGETED_DEVICE_FAMILY = "1,2";
				TEST_HOST = "$(BUILT_PRODUCTS_DIR)/Twitterlander.app/Twitterlander";
			};
			name = Debug;
		};
		A566AF3624B7177600D2E7F6 /* Release */ = {
			isa = XCBuildConfiguration;
			baseConfigurationReference = DCDB410F60B7207D22805841 /* Pods-TwitterlanderTests.release.xcconfig */;
			buildSettings = {
				ALWAYS_EMBED_SWIFT_STANDARD_LIBRARIES = YES;
				BUNDLE_LOADER = "$(TEST_HOST)";
				CODE_SIGN_STYLE = Automatic;
				DEVELOPMENT_TEAM = QCVJB22ZX4;
				INFOPLIST_FILE = TwitterlanderTests/Info.plist;
				IPHONEOS_DEPLOYMENT_TARGET = 13.5;
				LD_RUNPATH_SEARCH_PATHS = (
					"$(inherited)",
					"@executable_path/Frameworks",
					"@loader_path/Frameworks",
				);
				PRODUCT_BUNDLE_IDENTIFIER = "jp.co.nissan.mail.fumiaki-kobayashi.TwitterlanderTests";
				PRODUCT_NAME = "$(TARGET_NAME)";
				SWIFT_VERSION = 5.0;
				TARGETED_DEVICE_FAMILY = "1,2";
				TEST_HOST = "$(BUILT_PRODUCTS_DIR)/Twitterlander.app/Twitterlander";
			};
			name = Release;
		};
		A566AF3824B7177600D2E7F6 /* Debug */ = {
			isa = XCBuildConfiguration;
			baseConfigurationReference = 9CD54809E6EA81DE0DD74892 /* Pods-Twitterlander-TwitterlanderUITests.debug.xcconfig */;
			buildSettings = {
				ALWAYS_EMBED_SWIFT_STANDARD_LIBRARIES = YES;
				CODE_SIGN_STYLE = Automatic;
				DEVELOPMENT_TEAM = QCVJB22ZX4;
				INFOPLIST_FILE = TwitterlanderUITests/Info.plist;
				LD_RUNPATH_SEARCH_PATHS = (
					"$(inherited)",
					"@executable_path/Frameworks",
					"@loader_path/Frameworks",
				);
				PRODUCT_BUNDLE_IDENTIFIER = "jp.co.nissan.mail.fumiaki-kobayashi.TwitterlanderUITests";
				PRODUCT_NAME = "$(TARGET_NAME)";
				SWIFT_VERSION = 5.0;
				TARGETED_DEVICE_FAMILY = "1,2";
				TEST_TARGET_NAME = Twitterlander;
			};
			name = Debug;
		};
		A566AF3924B7177600D2E7F6 /* Release */ = {
			isa = XCBuildConfiguration;
			baseConfigurationReference = D752EF853AE4F70714E5CA89 /* Pods-Twitterlander-TwitterlanderUITests.release.xcconfig */;
			buildSettings = {
				ALWAYS_EMBED_SWIFT_STANDARD_LIBRARIES = YES;
				CODE_SIGN_STYLE = Automatic;
				DEVELOPMENT_TEAM = QCVJB22ZX4;
				INFOPLIST_FILE = TwitterlanderUITests/Info.plist;
				LD_RUNPATH_SEARCH_PATHS = (
					"$(inherited)",
					"@executable_path/Frameworks",
					"@loader_path/Frameworks",
				);
				PRODUCT_BUNDLE_IDENTIFIER = "jp.co.nissan.mail.fumiaki-kobayashi.TwitterlanderUITests";
				PRODUCT_NAME = "$(TARGET_NAME)";
				SWIFT_VERSION = 5.0;
				TARGETED_DEVICE_FAMILY = "1,2";
				TEST_TARGET_NAME = Twitterlander;
			};
			name = Release;
		};
/* End XCBuildConfiguration section */

/* Begin XCConfigurationList section */
		A566AF0224B7177400D2E7F6 /* Build configuration list for PBXProject "Twitterlander" */ = {
			isa = XCConfigurationList;
			buildConfigurations = (
				A566AF2F24B7177600D2E7F6 /* Debug */,
				A566AF3024B7177600D2E7F6 /* Release */,
			);
			defaultConfigurationIsVisible = 0;
			defaultConfigurationName = Release;
		};
		A566AF3124B7177600D2E7F6 /* Build configuration list for PBXNativeTarget "Twitterlander" */ = {
			isa = XCConfigurationList;
			buildConfigurations = (
				A566AF3224B7177600D2E7F6 /* Debug */,
				A566AF3324B7177600D2E7F6 /* Release */,
			);
			defaultConfigurationIsVisible = 0;
			defaultConfigurationName = Release;
		};
		A566AF3424B7177600D2E7F6 /* Build configuration list for PBXNativeTarget "TwitterlanderTests" */ = {
			isa = XCConfigurationList;
			buildConfigurations = (
				A566AF3524B7177600D2E7F6 /* Debug */,
				A566AF3624B7177600D2E7F6 /* Release */,
			);
			defaultConfigurationIsVisible = 0;
			defaultConfigurationName = Release;
		};
		A566AF3724B7177600D2E7F6 /* Build configuration list for PBXNativeTarget "TwitterlanderUITests" */ = {
			isa = XCConfigurationList;
			buildConfigurations = (
				A566AF3824B7177600D2E7F6 /* Debug */,
				A566AF3924B7177600D2E7F6 /* Release */,
			);
			defaultConfigurationIsVisible = 0;
			defaultConfigurationName = Release;
		};
/* End XCConfigurationList section */
	};
	rootObject = A566AEFF24B7177400D2E7F6 /* Project object */;
}
